// !$*UTF8*$!
{
	archiveVersion = 1;
	classes = {
	};
	objectVersion = 46;
	objects = {

/* Begin PBXBuildFile section */
		61405CE21D083A0700509E4B /* main.m in Sources */ = {isa = PBXBuildFile; fileRef = 61405CE11D083A0700509E4B /* main.m */; };
		61405CE51D083A0700509E4B /* AppDelegate.m in Sources */ = {isa = PBXBuildFile; fileRef = 61405CE41D083A0700509E4B /* AppDelegate.m */; };
		61405CE81D083A0700509E4B /* ViewController.m in Sources */ = {isa = PBXBuildFile; fileRef = 61405CE71D083A0700509E4B /* ViewController.m */; };
		61405CEB1D083A0700509E4B /* Main.storyboard in Resources */ = {isa = PBXBuildFile; fileRef = 61405CE91D083A0700509E4B /* Main.storyboard */; };
		61405CEE1D083A0700509E4B /* resultproject.xcdatamodeld in Sources */ = {isa = PBXBuildFile; fileRef = 61405CEC1D083A0700509E4B /* resultproject.xcdatamodeld */; };
		61405CF01D083A0700509E4B /* Assets.xcassets in Resources */ = {isa = PBXBuildFile; fileRef = 61405CEF1D083A0700509E4B /* Assets.xcassets */; };
		61405CF31D083A0700509E4B /* LaunchScreen.storyboard in Resources */ = {isa = PBXBuildFile; fileRef = 61405CF11D083A0700509E4B /* LaunchScreen.storyboard */; };
		61405CFE1D083A0800509E4B /* resultprojectTests.m in Sources */ = {isa = PBXBuildFile; fileRef = 61405CFD1D083A0800509E4B /* resultprojectTests.m */; };
		61405D091D083A0800509E4B /* resultprojectUITests.m in Sources */ = {isa = PBXBuildFile; fileRef = 61405D081D083A0800509E4B /* resultprojectUITests.m */; };
		61405D331D09464100509E4B /* Student.xib in Resources */ = {isa = PBXBuildFile; fileRef = 61405D311D09464100509E4B /* Student.xib */; };
		61405D371D094BB500509E4B /* Marks.m in Sources */ = {isa = PBXBuildFile; fileRef = 61405D351D094BB500509E4B /* Marks.m */; };
		61405D381D094BB500509E4B /* Marks.xib in Resources */ = {isa = PBXBuildFile; fileRef = 61405D361D094BB500509E4B /* Marks.xib */; };
		61405D791D0955B700509E4B /* Students.m in Sources */ = {isa = PBXBuildFile; fileRef = 61405D781D0955B700509E4B /* Students.m */; };
		61FBF4C41D0AE390008BEF6E /* Subjects.m in Sources */ = {isa = PBXBuildFile; fileRef = 61FBF4C31D0AE390008BEF6E /* Subjects.m */; };
/* End PBXBuildFile section */

/* Begin PBXContainerItemProxy section */
		61405CFA1D083A0800509E4B /* PBXContainerItemProxy */ = {
			isa = PBXContainerItemProxy;
			containerPortal = 61405CD51D083A0700509E4B /* Project object */;
			proxyType = 1;
			remoteGlobalIDString = 61405CDC1D083A0700509E4B;
			remoteInfo = resultproject;
		};
		61405D051D083A0800509E4B /* PBXContainerItemProxy */ = {
			isa = PBXContainerItemProxy;
			containerPortal = 61405CD51D083A0700509E4B /* Project object */;
			proxyType = 1;
			remoteGlobalIDString = 61405CDC1D083A0700509E4B;
			remoteInfo = resultproject;
		};
/* End PBXContainerItemProxy section */

/* Begin PBXFileReference section */
		61405CDD1D083A0700509E4B /* resultproject.app */ = {isa = PBXFileReference; explicitFileType = wrapper.application; includeInIndex = 0; path = resultproject.app; sourceTree = BUILT_PRODUCTS_DIR; };
		61405CE11D083A0700509E4B /* main.m */ = {isa = PBXFileReference; lastKnownFileType = sourcecode.c.objc; path = main.m; sourceTree = "<group>"; };
		61405CE31D083A0700509E4B /* AppDelegate.h */ = {isa = PBXFileReference; lastKnownFileType = sourcecode.c.h; path = AppDelegate.h; sourceTree = "<group>"; };
		61405CE41D083A0700509E4B /* AppDelegate.m */ = {isa = PBXFileReference; lastKnownFileType = sourcecode.c.objc; path = AppDelegate.m; sourceTree = "<group>"; };
		61405CE61D083A0700509E4B /* ViewController.h */ = {isa = PBXFileReference; lastKnownFileType = sourcecode.c.h; path = ViewController.h; sourceTree = "<group>"; };
		61405CE71D083A0700509E4B /* ViewController.m */ = {isa = PBXFileReference; lastKnownFileType = sourcecode.c.objc; path = ViewController.m; sourceTree = "<group>"; };
		61405CEA1D083A0700509E4B /* Base */ = {isa = PBXFileReference; lastKnownFileType = file.storyboard; name = Base; path = Base.lproj/Main.storyboard; sourceTree = "<group>"; };
		61405CED1D083A0700509E4B /* resultproject.xcdatamodel */ = {isa = PBXFileReference; lastKnownFileType = wrapper.xcdatamodel; path = resultproject.xcdatamodel; sourceTree = "<group>"; };
		61405CEF1D083A0700509E4B /* Assets.xcassets */ = {isa = PBXFileReference; lastKnownFileType = folder.assetcatalog; path = Assets.xcassets; sourceTree = "<group>"; };
		61405CF21D083A0700509E4B /* Base */ = {isa = PBXFileReference; lastKnownFileType = file.storyboard; name = Base; path = Base.lproj/LaunchScreen.storyboard; sourceTree = "<group>"; };
		61405CF41D083A0700509E4B /* Info.plist */ = {isa = PBXFileReference; lastKnownFileType = text.plist.xml; path = Info.plist; sourceTree = "<group>"; };
		61405CF91D083A0800509E4B /* resultprojectTests.xctest */ = {isa = PBXFileReference; explicitFileType = wrapper.cfbundle; includeInIndex = 0; path = resultprojectTests.xctest; sourceTree = BUILT_PRODUCTS_DIR; };
		61405CFD1D083A0800509E4B /* resultprojectTests.m */ = {isa = PBXFileReference; lastKnownFileType = sourcecode.c.objc; path = resultprojectTests.m; sourceTree = "<group>"; };
		61405CFF1D083A0800509E4B /* Info.plist */ = {isa = PBXFileReference; lastKnownFileType = text.plist.xml; path = Info.plist; sourceTree = "<group>"; };
		61405D041D083A0800509E4B /* resultprojectUITests.xctest */ = {isa = PBXFileReference; explicitFileType = wrapper.cfbundle; includeInIndex = 0; path = resultprojectUITests.xctest; sourceTree = BUILT_PRODUCTS_DIR; };
		61405D081D083A0800509E4B /* resultprojectUITests.m */ = {isa = PBXFileReference; lastKnownFileType = sourcecode.c.objc; path = resultprojectUITests.m; sourceTree = "<group>"; };
		61405D0A1D083A0800509E4B /* Info.plist */ = {isa = PBXFileReference; lastKnownFileType = text.plist.xml; path = Info.plist; sourceTree = "<group>"; };
		61405D311D09464100509E4B /* Student.xib */ = {isa = PBXFileReference; fileEncoding = 4; lastKnownFileType = file.xib; path = Student.xib; sourceTree = "<group>"; };
		61405D341D094BB500509E4B /* Marks.h */ = {isa = PBXFileReference; fileEncoding = 4; lastKnownFileType = sourcecode.c.h; path = Marks.h; sourceTree = "<group>"; };
		61405D351D094BB500509E4B /* Marks.m */ = {isa = PBXFileReference; fileEncoding = 4; lastKnownFileType = sourcecode.c.objc; path = Marks.m; sourceTree = "<group>"; };
		61405D361D094BB500509E4B /* Marks.xib */ = {isa = PBXFileReference; fileEncoding = 4; lastKnownFileType = file.xib; path = Marks.xib; sourceTree = "<group>"; };
		61405D771D0955B700509E4B /* Students.h */ = {isa = PBXFileReference; fileEncoding = 4; lastKnownFileType = sourcecode.c.h; path = Students.h; sourceTree = "<group>"; };
		61405D781D0955B700509E4B /* Students.m */ = {isa = PBXFileReference; fileEncoding = 4; lastKnownFileType = sourcecode.c.objc; path = Students.m; sourceTree = "<group>"; };
		61FBF4C21D0AE390008BEF6E /* Subjects.h */ = {isa = PBXFileReference; fileEncoding = 4; lastKnownFileType = sourcecode.c.h; path = Subjects.h; sourceTree = "<group>"; };
		61FBF4C31D0AE390008BEF6E /* Subjects.m */ = {isa = PBXFileReference; fileEncoding = 4; lastKnownFileType = sourcecode.c.objc; path = Subjects.m; sourceTree = "<group>"; };
/* End PBXFileReference section */

/* Begin PBXFrameworksBuildPhase section */
		61405CDA1D083A0700509E4B /* Frameworks */ = {
			isa = PBXFrameworksBuildPhase;
			buildActionMask = 2147483647;
			files = (
			);
			runOnlyForDeploymentPostprocessing = 0;
		};
		61405CF61D083A0800509E4B /* Frameworks */ = {
			isa = PBXFrameworksBuildPhase;
			buildActionMask = 2147483647;
			files = (
			);
			runOnlyForDeploymentPostprocessing = 0;
		};
		61405D011D083A0800509E4B /* Frameworks */ = {
			isa = PBXFrameworksBuildPhase;
			buildActionMask = 2147483647;
			files = (
			);
			runOnlyForDeploymentPostprocessing = 0;
		};
/* End PBXFrameworksBuildPhase section */

/* Begin PBXGroup section */
		61405CD41D083A0700509E4B = {
			isa = PBXGroup;
			children = (
				61405CDF1D083A0700509E4B /* resultproject */,
				61405CFC1D083A0800509E4B /* resultprojectTests */,
				61405D071D083A0800509E4B /* resultprojectUITests */,
				61405CDE1D083A0700509E4B /* Products */,
			);
			sourceTree = "<group>";
		};
		61405CDE1D083A0700509E4B /* Products */ = {
			isa = PBXGroup;
			children = (
				61405CDD1D083A0700509E4B /* resultproject.app */,
				61405CF91D083A0800509E4B /* resultprojectTests.xctest */,
				61405D041D083A0800509E4B /* resultprojectUITests.xctest */,
			);
			name = Products;
			sourceTree = "<group>";
		};
		61405CDF1D083A0700509E4B /* resultproject */ = {
			isa = PBXGroup;
			children = (
				61405CE31D083A0700509E4B /* AppDelegate.h */,
				61405CE41D083A0700509E4B /* AppDelegate.m */,
				61405CE61D083A0700509E4B /* ViewController.h */,
				61405CE71D083A0700509E4B /* ViewController.m */,
				61405D771D0955B700509E4B /* Students.h */,
				61405D781D0955B700509E4B /* Students.m */,
				61FBF4C21D0AE390008BEF6E /* Subjects.h */,
				61FBF4C31D0AE390008BEF6E /* Subjects.m */,
				61405D341D094BB500509E4B /* Marks.h */,
				61405D351D094BB500509E4B /* Marks.m */,
				61405D361D094BB500509E4B /* Marks.xib */,
				61405D311D09464100509E4B /* Student.xib */,
				61405CE91D083A0700509E4B /* Main.storyboard */,
				61405CEF1D083A0700509E4B /* Assets.xcassets */,
				61405CF11D083A0700509E4B /* LaunchScreen.storyboard */,
				61405CF41D083A0700509E4B /* Info.plist */,
				61405CEC1D083A0700509E4B /* resultproject.xcdatamodeld */,
				61405CE01D083A0700509E4B /* Supporting Files */,
			);
			path = resultproject;
			sourceTree = "<group>";
		};
		61405CE01D083A0700509E4B /* Supporting Files */ = {
			isa = PBXGroup;
			children = (
				61405CE11D083A0700509E4B /* main.m */,
			);
			name = "Supporting Files";
			sourceTree = "<group>";
		};
		61405CFC1D083A0800509E4B /* resultprojectTests */ = {
			isa = PBXGroup;
			children = (
				61405CFD1D083A0800509E4B /* resultprojectTests.m */,
				61405CFF1D083A0800509E4B /* Info.plist */,
			);
			path = resultprojectTests;
			sourceTree = "<group>";
		};
		61405D071D083A0800509E4B /* resultprojectUITests */ = {
			isa = PBXGroup;
			children = (
				61405D081D083A0800509E4B /* resultprojectUITests.m */,
				61405D0A1D083A0800509E4B /* Info.plist */,
			);
			path = resultprojectUITests;
			sourceTree = "<group>";
		};
/* End PBXGroup section */

/* Begin PBXNativeTarget section */
		61405CDC1D083A0700509E4B /* resultproject */ = {
			isa = PBXNativeTarget;
			buildConfigurationList = 61405D0D1D083A0800509E4B /* Build configuration list for PBXNativeTarget "resultproject" */;
			buildPhases = (
				61405CD91D083A0700509E4B /* Sources */,
				61405CDA1D083A0700509E4B /* Frameworks */,
				61405CDB1D083A0700509E4B /* Resources */,
			);
			buildRules = (
			);
			dependencies = (
			);
			name = resultproject;
			productName = resultproject;
			productReference = 61405CDD1D083A0700509E4B /* resultproject.app */;
			productType = "com.apple.product-type.application";
		};
		61405CF81D083A0800509E4B /* resultprojectTests */ = {
			isa = PBXNativeTarget;
			buildConfigurationList = 61405D101D083A0800509E4B /* Build configuration list for PBXNativeTarget "resultprojectTests" */;
			buildPhases = (
				61405CF51D083A0800509E4B /* Sources */,
				61405CF61D083A0800509E4B /* Frameworks */,
				61405CF71D083A0800509E4B /* Resources */,
			);
			buildRules = (
			);
			dependencies = (
				61405CFB1D083A0800509E4B /* PBXTargetDependency */,
			);
			name = resultprojectTests;
			productName = resultprojectTests;
			productReference = 61405CF91D083A0800509E4B /* resultprojectTests.xctest */;
			productType = "com.apple.product-type.bundle.unit-test";
		};
		61405D031D083A0800509E4B /* resultprojectUITests */ = {
			isa = PBXNativeTarget;
			buildConfigurationList = 61405D131D083A0800509E4B /* Build configuration list for PBXNativeTarget "resultprojectUITests" */;
			buildPhases = (
				61405D001D083A0800509E4B /* Sources */,
				61405D011D083A0800509E4B /* Frameworks */,
				61405D021D083A0800509E4B /* Resources */,
			);
			buildRules = (
			);
			dependencies = (
				61405D061D083A0800509E4B /* PBXTargetDependency */,
			);
			name = resultprojectUITests;
			productName = resultprojectUITests;
			productReference = 61405D041D083A0800509E4B /* resultprojectUITests.xctest */;
			productType = "com.apple.product-type.bundle.ui-testing";
		};
/* End PBXNativeTarget section */

/* Begin PBXProject section */
		61405CD51D083A0700509E4B /* Project object */ = {
			isa = PBXProject;
			attributes = {
				LastUpgradeCheck = 0730;
				ORGANIZATIONNAME = "Tajuddin ";
				TargetAttributes = {
					61405CDC1D083A0700509E4B = {
						CreatedOnToolsVersion = 7.3.1;
					};
					61405CF81D083A0800509E4B = {
						CreatedOnToolsVersion = 7.3.1;
						TestTargetID = 61405CDC1D083A0700509E4B;
					};
					61405D031D083A0800509E4B = {
						CreatedOnToolsVersion = 7.3.1;
						TestTargetID = 61405CDC1D083A0700509E4B;
					};
				};
			};
			buildConfigurationList = 61405CD81D083A0700509E4B /* Build configuration list for PBXProject "resultproject" */;
			compatibilityVersion = "Xcode 3.2";
			developmentRegion = English;
			hasScannedForEncodings = 0;
			knownRegions = (
				en,
				Base,
			);
			mainGroup = 61405CD41D083A0700509E4B;
			productRefGroup = 61405CDE1D083A0700509E4B /* Products */;
			projectDirPath = "";
			projectRoot = "";
			targets = (
				61405CDC1D083A0700509E4B /* resultproject */,
				61405CF81D083A0800509E4B /* resultprojectTests */,
				61405D031D083A0800509E4B /* resultprojectUITests */,
			);
		};
/* End PBXProject section */

/* Begin PBXResourcesBuildPhase section */
		61405CDB1D083A0700509E4B /* Resources */ = {
			isa = PBXResourcesBuildPhase;
			buildActionMask = 2147483647;
			files = (
				61405CF31D083A0700509E4B /* LaunchScreen.storyboard in Resources */,
				61405CF01D083A0700509E4B /* Assets.xcassets in Resources */,
				61405D381D094BB500509E4B /* Marks.xib in Resources */,
				61405CEB1D083A0700509E4B /* Main.storyboard in Resources */,
				61405D331D09464100509E4B /* Student.xib in Resources */,
			);
			runOnlyForDeploymentPostprocessing = 0;
		};
		61405CF71D083A0800509E4B /* Resources */ = {
			isa = PBXResourcesBuildPhase;
			buildActionMask = 2147483647;
			files = (
			);
			runOnlyForDeploymentPostprocessing = 0;
		};
		61405D021D083A0800509E4B /* Resources */ = {
			isa = PBXResourcesBuildPhase;
			buildActionMask = 2147483647;
			files = (
			);
			runOnlyForDeploymentPostprocessing = 0;
		};
/* End PBXResourcesBuildPhase section */

/* Begin PBXSourcesBuildPhase section */
		61405CD91D083A0700509E4B /* Sources */ = {
			isa = PBXSourcesBuildPhase;
			buildActionMask = 2147483647;
			files = (
				61405D371D094BB500509E4B /* Marks.m in Sources */,
				61405CEE1D083A0700509E4B /* resultproject.xcdatamodeld in Sources */,
				61405CE81D083A0700509E4B /* ViewController.m in Sources */,
				61405CE51D083A0700509E4B /* AppDelegate.m in Sources */,
				61FBF4C41D0AE390008BEF6E /* Subjects.m in Sources */,
				61405CE21D083A0700509E4B /* main.m in Sources */,
				61405D791D0955B700509E4B /* Students.m in Sources */,
			);
			runOnlyForDeploymentPostprocessing = 0;
		};
		61405CF51D083A0800509E4B /* Sources */ = {
			isa = PBXSourcesBuildPhase;
			buildActionMask = 2147483647;
			files = (
				61405CFE1D083A0800509E4B /* resultprojectTests.m in Sources */,
			);
			runOnlyForDeploymentPostprocessing = 0;
		};
		61405D001D083A0800509E4B /* Sources */ = {
			isa = PBXSourcesBuildPhase;
			buildActionMask = 2147483647;
			files = (
				61405D091D083A0800509E4B /* resultprojectUITests.m in Sources */,
			);
			runOnlyForDeploymentPostprocessing = 0;
		};
/* End PBXSourcesBuildPhase section */

/* Begin PBXTargetDependency section */
		61405CFB1D083A0800509E4B /* PBXTargetDependency */ = {
			isa = PBXTargetDependency;
			target = 61405CDC1D083A0700509E4B /* resultproject */;
			targetProxy = 61405CFA1D083A0800509E4B /* PBXContainerItemProxy */;
		};
		61405D061D083A0800509E4B /* PBXTargetDependency */ = {
			isa = PBXTargetDependency;
			target = 61405CDC1D083A0700509E4B /* resultproject */;
			targetProxy = 61405D051D083A0800509E4B /* PBXContainerItemProxy */;
		};
/* End PBXTargetDependency section */

/* Begin PBXVariantGroup section */
		61405CE91D083A0700509E4B /* Main.storyboard */ = {
			isa = PBXVariantGroup;
			children = (
				61405CEA1D083A0700509E4B /* Base */,
			);
			name = Main.storyboard;
			sourceTree = "<group>";
		};
		61405CF11D083A0700509E4B /* LaunchScreen.storyboard */ = {
			isa = PBXVariantGroup;
			children = (
				61405CF21D083A0700509E4B /* Base */,
			);
			name = LaunchScreen.storyboard;
			sourceTree = "<group>";
		};
/* End PBXVariantGroup section */

/* Begin XCBuildConfiguration section */
		61405D0B1D083A0800509E4B /* Debug */ = {
			isa = XCBuildConfiguration;
			buildSettings = {
				ALWAYS_SEARCH_USER_PATHS = NO;
				CLANG_ANALYZER_NONNULL = YES;
				CLANG_CXX_LANGUAGE_STANDARD = "gnu++0x";
				CLANG_CXX_LIBRARY = "libc++";
				CLANG_ENABLE_MODULES = YES;
				CLANG_ENABLE_OBJC_ARC = YES;
				CLANG_WARN_BOOL_CONVERSION = YES;
				CLANG_WARN_CONSTANT_CONVERSION = YES;
				CLANG_WARN_DIRECT_OBJC_ISA_USAGE = YES_ERROR;
				CLANG_WARN_EMPTY_BODY = YES;
				CLANG_WARN_ENUM_CONVERSION = YES;
				CLANG_WARN_INT_CONVERSION = YES;
				CLANG_WARN_OBJC_ROOT_CLASS = YES_ERROR;
				CLANG_WARN_UNREACHABLE_CODE = YES;
				CLANG_WARN__DUPLICATE_METHOD_MATCH = YES;
				"CODE_SIGN_IDENTITY[sdk=iphoneos*]" = "iPhone Developer";
				COPY_PHASE_STRIP = NO;
				DEBUG_INFORMATION_FORMAT = dwarf;
				ENABLE_STRICT_OBJC_MSGSEND = YES;
				ENABLE_TESTABILITY = YES;
				GCC_C_LANGUAGE_STANDARD = gnu99;
				GCC_DYNAMIC_NO_PIC = NO;
				GCC_NO_COMMON_BLOCKS = YES;
				GCC_OPTIMIZATION_LEVEL = 0;
				GCC_PREPROCESSOR_DEFINITIONS = (
					"DEBUG=1",
					"$(inherited)",
				);
				GCC_WARN_64_TO_32_BIT_CONVERSION = YES;
				GCC_WARN_ABOUT_RETURN_TYPE = YES_ERROR;
				GCC_WARN_UNDECLARED_SELECTOR = YES;
				GCC_WARN_UNINITIALIZED_AUTOS = YES_AGGRESSIVE;
				GCC_WARN_UNUSED_FUNCTION = YES;
				GCC_WARN_UNUSED_VARIABLE = YES;
				IPHONEOS_DEPLOYMENT_TARGET = 9.3;
				MTL_ENABLE_DEBUG_INFO = YES;
				ONLY_ACTIVE_ARCH = YES;
				SDKROOT = iphoneos;
				TARGETED_DEVICE_FAMILY = "1,2";
			};
			name = Debug;
		};
		61405D0C1D083A0800509E4B /* Release */ = {
			isa = XCBuildConfiguration;
			buildSettings = {
				ALWAYS_SEARCH_USER_PATHS = NO;
				CLANG_ANALYZER_NONNULL = YES;
				CLANG_CXX_LANGUAGE_STANDARD = "gnu++0x";
				CLANG_CXX_LIBRARY = "libc++";
				CLANG_ENABLE_MODULES = YES;
				CLANG_ENABLE_OBJC_ARC = YES;
				CLANG_WARN_BOOL_CONVERSION = YES;
				CLANG_WARN_CONSTANT_CONVERSION = YES;
				CLANG_WARN_DIRECT_OBJC_ISA_USAGE = YES_ERROR;
				CLANG_WARN_EMPTY_BODY = YES;
				CLANG_WARN_ENUM_CONVERSION = YES;
				CLANG_WARN_INT_CONVERSION = YES;
				CLANG_WARN_OBJC_ROOT_CLASS = YES_ERROR;
				CLANG_WARN_UNREACHABLE_CODE = YES;
				CLANG_WARN__DUPLICATE_METHOD_MATCH = YES;
				"CODE_SIGN_IDENTITY[sdk=iphoneos*]" = "iPhone Developer";
				COPY_PHASE_STRIP = NO;
				DEBUG_INFORMATION_FORMAT = "dwarf-with-dsym";
				ENABLE_NS_ASSERTIONS = NO;
				ENABLE_STRICT_OBJC_MSGSEND = YES;
				GCC_C_LANGUAGE_STANDARD = gnu99;
				GCC_NO_COMMON_BLOCKS = YES;
				GCC_WARN_64_TO_32_BIT_CONVERSION = YES;
				GCC_WARN_ABOUT_RETURN_TYPE = YES_ERROR;
				GCC_WARN_UNDECLARED_SELECTOR = YES;
				GCC_WARN_UNINITIALIZED_AUTOS = YES_AGGRESSIVE;
				GCC_WARN_UNUSED_FUNCTION = YES;
				GCC_WARN_UNUSED_VARIABLE = YES;
				IPHONEOS_DEPLOYMENT_TARGET = 9.3;
				MTL_ENABLE_DEBUG_INFO = NO;
				SDKROOT = iphoneos;
				TARGETED_DEVICE_FAMILY = "1,2";
				VALIDATE_PRODUCT = YES;
			};
			name = Release;
		};
		61405D0E1D083A0800509E4B /* Debug */ = {
			isa = XCBuildConfiguration;
			buildSettings = {
				ASSETCATALOG_COMPILER_APPICON_NAME = AppIcon;
				INFOPLIST_FILE = resultproject/Info.plist;
				LD_RUNPATH_SEARCH_PATHS = "$(inherited) @executable_path/Frameworks";
				PRODUCT_BUNDLE_IDENTIFIER = impc.resultproject;
				PRODUCT_NAME = "$(TARGET_NAME)";
			};
			name = Debug;
		};
		61405D0F1D083A0800509E4B /* Release */ = {
			isa = XCBuildConfiguration;
			buildSettings = {
				ASSETCATALOG_COMPILER_APPICON_NAME = AppIcon;
				INFOPLIST_FILE = resultproject/Info.plist;
				LD_RUNPATH_SEARCH_PATHS = "$(inherited) @executable_path/Frameworks";
				PRODUCT_BUNDLE_IDENTIFIER = impc.resultproject;
				PRODUCT_NAME = "$(TARGET_NAME)";
			};
			name = Release;
		};
		61405D111D083A0800509E4B /* Debug */ = {
			isa = XCBuildConfiguration;
			buildSettings = {
				BUNDLE_LOADER = "$(TEST_HOST)";
				INFOPLIST_FILE = resultprojectTests/Info.plist;
				LD_RUNPATH_SEARCH_PATHS = "$(inherited) @executable_path/Frameworks @loader_path/Frameworks";
				PRODUCT_BUNDLE_IDENTIFIER = impc.resultprojectTests;
				PRODUCT_NAME = "$(TARGET_NAME)";
				TEST_HOST = "$(BUILT_PRODUCTS_DIR)/resultproject.app/resultproject";
			};
			name = Debug;
		};
		61405D121D083A0800509E4B /* Release */ = {
			isa = XCBuildConfiguration;
			buildSettings = {
				BUNDLE_LOADER = "$(TEST_HOST)";
				INFOPLIST_FILE = resultprojectTests/Info.plist;
				LD_RUNPATH_SEARCH_PATHS = "$(inherited) @executable_path/Frameworks @loader_path/Frameworks";
				PRODUCT_BUNDLE_IDENTIFIER = impc.resultprojectTests;
				PRODUCT_NAME = "$(TARGET_NAME)";
				TEST_HOST = "$(BUILT_PRODUCTS_DIR)/resultproject.app/resultproject";
			};
			name = Release;
		};
		61405D141D083A0800509E4B /* Debug */ = {
			isa = XCBuildConfiguration;
			buildSettings = {
				INFOPLIST_FILE = resultprojectUITests/Info.plist;
				LD_RUNPATH_SEARCH_PATHS = "$(inherited) @executable_path/Frameworks @loader_path/Frameworks";
				PRODUCT_BUNDLE_IDENTIFIER = impc.resultprojectUITests;
				PRODUCT_NAME = "$(TARGET_NAME)";
				TEST_TARGET_NAME = resultproject;
			};
			name = Debug;
		};
		61405D151D083A0800509E4B /* Release */ = {
			isa = XCBuildConfiguration;
			buildSettings = {
				INFOPLIST_FILE = resultprojectUITests/Info.plist;
				LD_RUNPATH_SEARCH_PATHS = "$(inherited) @executable_path/Frameworks @loader_path/Frameworks";
				PRODUCT_BUNDLE_IDENTIFIER = impc.resultprojectUITests;
				PRODUCT_NAME = "$(TARGET_NAME)";
				TEST_TARGET_NAME = resultproject;
			};
			name = Release;
		};
/* End XCBuildConfiguration section */

/* Begin XCConfigurationList section */
		61405CD81D083A0700509E4B /* Build configuration list for PBXProject "resultproject" */ = {
			isa = XCConfigurationList;
			buildConfigurations = (
				61405D0B1D083A0800509E4B /* Debug */,
				61405D0C1D083A0800509E4B /* Release */,
			);
			defaultConfigurationIsVisible = 0;
			defaultConfigurationName = Release;
		};
		61405D0D1D083A0800509E4B /* Build configuration list for PBXNativeTarget "resultproject" */ = {
			isa = XCConfigurationList;
			buildConfigurations = (
				61405D0E1D083A0800509E4B /* Debug */,
				61405D0F1D083A0800509E4B /* Release */,
			);
			defaultConfigurationIsVisible = 0;
			defaultConfigurationName = Release;
		};
		61405D101D083A0800509E4B /* Build configuration list for PBXNativeTarget "resultprojectTests" */ = {
			isa = XCConfigurationList;
			buildConfigurations = (
				61405D111D083A0800509E4B /* Debug */,
				61405D121D083A0800509E4B /* Release */,
			);
			defaultConfigurationIsVisible = 0;
			defaultConfigurationName = Release;
		};
		61405D131D083A0800509E4B /* Build configuration list for PBXNativeTarget "resultprojectUITests" */ = {
			isa = XCConfigurationList;
			buildConfigurations = (
				61405D141D083A0800509E4B /* Debug */,
				61405D151D083A0800509E4B /* Release */,
			);
			defaultConfigurationIsVisible = 0;
			defaultConfigurationName = Release;
		};
/* End XCConfigurationList section */

/* Begin XCVersionGroup section */
		61405CEC1D083A0700509E4B /* resultproject.xcdatamodeld */ = {
			isa = XCVersionGroup;
			children = (
				61405CED1D083A0700509E4B /* resultproject.xcdatamodel */,
			);
			currentVersion = 61405CED1D083A0700509E4B /* resultproject.xcdatamodel */;
			path = resultproject.xcdatamodeld;
			sourceTree = "<group>";
			versionGroupType = wrapper.xcdatamodel;
		};
/* End XCVersionGroup section */
	};
	rootObject = 61405CD51D083A0700509E4B /* Project object */;
}
