// !$*UTF8*$!
{
	archiveVersion = 1;
	classes = {
	};
	objectVersion = 46;
	objects = {

/* Begin PBXBuildFile section */
		61D49ACA1D08255B0043FEE2 /* main.m in Sources */ = {isa = PBXBuildFile; fileRef = 61D49AC91D08255B0043FEE2 /* main.m */; };
		61D49ACD1D08255B0043FEE2 /* AppDelegate.m in Sources */ = {isa = PBXBuildFile; fileRef = 61D49ACC1D08255B0043FEE2 /* AppDelegate.m */; };
		61D49AD01D08255B0043FEE2 /* RootViewController.m in Sources */ = {isa = PBXBuildFile; fileRef = 61D49ACF1D08255B0043FEE2 /* RootViewController.m */; };
		61D49AD31D08255B0043FEE2 /* DataViewController.m in Sources */ = {isa = PBXBuildFile; fileRef = 61D49AD21D08255B0043FEE2 /* DataViewController.m */; };
		61D49AD61D08255B0043FEE2 /* ModelController.m in Sources */ = {isa = PBXBuildFile; fileRef = 61D49AD51D08255B0043FEE2 /* ModelController.m */; };
		61D49AD91D08255B0043FEE2 /* Main.storyboard in Resources */ = {isa = PBXBuildFile; fileRef = 61D49AD71D08255B0043FEE2 /* Main.storyboard */; };
		61D49ADB1D08255B0043FEE2 /* Assets.xcassets in Resources */ = {isa = PBXBuildFile; fileRef = 61D49ADA1D08255B0043FEE2 /* Assets.xcassets */; };
		61D49ADE1D08255B0043FEE2 /* LaunchScreen.storyboard in Resources */ = {isa = PBXBuildFile; fileRef = 61D49ADC1D08255B0043FEE2 /* LaunchScreen.storyboard */; };
		61D49AE91D08255D0043FEE2 /* pagesTests.m in Sources */ = {isa = PBXBuildFile; fileRef = 61D49AE81D08255D0043FEE2 /* pagesTests.m */; };
		61D49AF41D08255D0043FEE2 /* pagesUITests.m in Sources */ = {isa = PBXBuildFile; fileRef = 61D49AF31D08255D0043FEE2 /* pagesUITests.m */; };
/* End PBXBuildFile section */

/* Begin PBXContainerItemProxy section */
		61D49AE51D08255D0043FEE2 /* PBXContainerItemProxy */ = {
			isa = PBXContainerItemProxy;
			containerPortal = 61D49ABD1D08255A0043FEE2 /* Project object */;
			proxyType = 1;
			remoteGlobalIDString = 61D49AC41D08255B0043FEE2;
			remoteInfo = pages;
		};
		61D49AF01D08255D0043FEE2 /* PBXContainerItemProxy */ = {
			isa = PBXContainerItemProxy;
			containerPortal = 61D49ABD1D08255A0043FEE2 /* Project object */;
			proxyType = 1;
			remoteGlobalIDString = 61D49AC41D08255B0043FEE2;
			remoteInfo = pages;
		};
/* End PBXContainerItemProxy section */

/* Begin PBXFileReference section */
		61D49AC51D08255B0043FEE2 /* pages.app */ = {isa = PBXFileReference; explicitFileType = wrapper.application; includeInIndex = 0; path = pages.app; sourceTree = BUILT_PRODUCTS_DIR; };
		61D49AC91D08255B0043FEE2 /* main.m */ = {isa = PBXFileReference; lastKnownFileType = sourcecode.c.objc; path = main.m; sourceTree = "<group>"; };
		61D49ACB1D08255B0043FEE2 /* AppDelegate.h */ = {isa = PBXFileReference; lastKnownFileType = sourcecode.c.h; path = AppDelegate.h; sourceTree = "<group>"; };
		61D49ACC1D08255B0043FEE2 /* AppDelegate.m */ = {isa = PBXFileReference; lastKnownFileType = sourcecode.c.objc; path = AppDelegate.m; sourceTree = "<group>"; };
		61D49ACE1D08255B0043FEE2 /* RootViewController.h */ = {isa = PBXFileReference; lastKnownFileType = sourcecode.c.h; path = RootViewController.h; sourceTree = "<group>"; };
		61D49ACF1D08255B0043FEE2 /* RootViewController.m */ = {isa = PBXFileReference; lastKnownFileType = sourcecode.c.objc; path = RootViewController.m; sourceTree = "<group>"; };
		61D49AD11D08255B0043FEE2 /* DataViewController.h */ = {isa = PBXFileReference; lastKnownFileType = sourcecode.c.h; path = DataViewController.h; sourceTree = "<group>"; };
		61D49AD21D08255B0043FEE2 /* DataViewController.m */ = {isa = PBXFileReference; lastKnownFileType = sourcecode.c.objc; path = DataViewController.m; sourceTree = "<group>"; };
		61D49AD41D08255B0043FEE2 /* ModelController.h */ = {isa = PBXFileReference; lastKnownFileType = sourcecode.c.h; path = ModelController.h; sourceTree = "<group>"; };
		61D49AD51D08255B0043FEE2 /* ModelController.m */ = {isa = PBXFileReference; lastKnownFileType = sourcecode.c.objc; path = ModelController.m; sourceTree = "<group>"; };
		61D49AD81D08255B0043FEE2 /* Base */ = {isa = PBXFileReference; lastKnownFileType = file.storyboard; name = Base; path = Base.lproj/Main.storyboard; sourceTree = "<group>"; };
		61D49ADA1D08255B0043FEE2 /* Assets.xcassets */ = {isa = PBXFileReference; lastKnownFileType = folder.assetcatalog; path = Assets.xcassets; sourceTree = "<group>"; };
		61D49ADD1D08255B0043FEE2 /* Base */ = {isa = PBXFileReference; lastKnownFileType = file.storyboard; name = Base; path = Base.lproj/LaunchScreen.storyboard; sourceTree = "<group>"; };
		61D49ADF1D08255B0043FEE2 /* Info.plist */ = {isa = PBXFileReference; lastKnownFileType = text.plist.xml; path = Info.plist; sourceTree = "<group>"; };
		61D49AE41D08255D0043FEE2 /* pagesTests.xctest */ = {isa = PBXFileReference; explicitFileType = wrapper.cfbundle; includeInIndex = 0; path = pagesTests.xctest; sourceTree = BUILT_PRODUCTS_DIR; };
		61D49AE81D08255D0043FEE2 /* pagesTests.m */ = {isa = PBXFileReference; lastKnownFileType = sourcecode.c.objc; path = pagesTests.m; sourceTree = "<group>"; };
		61D49AEA1D08255D0043FEE2 /* Info.plist */ = {isa = PBXFileReference; lastKnownFileType = text.plist.xml; path = Info.plist; sourceTree = "<group>"; };
		61D49AEF1D08255D0043FEE2 /* pagesUITests.xctest */ = {isa = PBXFileReference; explicitFileType = wrapper.cfbundle; includeInIndex = 0; path = pagesUITests.xctest; sourceTree = BUILT_PRODUCTS_DIR; };
		61D49AF31D08255D0043FEE2 /* pagesUITests.m */ = {isa = PBXFileReference; lastKnownFileType = sourcecode.c.objc; path = pagesUITests.m; sourceTree = "<group>"; };
		61D49AF51D08255D0043FEE2 /* Info.plist */ = {isa = PBXFileReference; lastKnownFileType = text.plist.xml; path = Info.plist; sourceTree = "<group>"; };
/* End PBXFileReference section */

/* Begin PBXFrameworksBuildPhase section */
		61D49AC21D08255B0043FEE2 /* Frameworks */ = {
			isa = PBXFrameworksBuildPhase;
			buildActionMask = 2147483647;
			files = (
			);
			runOnlyForDeploymentPostprocessing = 0;
		};
		61D49AE11D08255D0043FEE2 /* Frameworks */ = {
			isa = PBXFrameworksBuildPhase;
			buildActionMask = 2147483647;
			files = (
			);
			runOnlyForDeploymentPostprocessing = 0;
		};
		61D49AEC1D08255D0043FEE2 /* Frameworks */ = {
			isa = PBXFrameworksBuildPhase;
			buildActionMask = 2147483647;
			files = (
			);
			runOnlyForDeploymentPostprocessing = 0;
		};
/* End PBXFrameworksBuildPhase section */

/* Begin PBXGroup section */
		61D49ABC1D08255A0043FEE2 = {
			isa = PBXGroup;
			children = (
				61D49AC71D08255B0043FEE2 /* pages */,
				61D49AE71D08255D0043FEE2 /* pagesTests */,
				61D49AF21D08255D0043FEE2 /* pagesUITests */,
				61D49AC61D08255B0043FEE2 /* Products */,
			);
			sourceTree = "<group>";
		};
		61D49AC61D08255B0043FEE2 /* Products */ = {
			isa = PBXGroup;
			children = (
				61D49AC51D08255B0043FEE2 /* pages.app */,
				61D49AE41D08255D0043FEE2 /* pagesTests.xctest */,
				61D49AEF1D08255D0043FEE2 /* pagesUITests.xctest */,
			);
			name = Products;
			sourceTree = "<group>";
		};
		61D49AC71D08255B0043FEE2 /* pages */ = {
			isa = PBXGroup;
			children = (
				61D49ACB1D08255B0043FEE2 /* AppDelegate.h */,
				61D49ACC1D08255B0043FEE2 /* AppDelegate.m */,
				61D49ACE1D08255B0043FEE2 /* RootViewController.h */,
				61D49ACF1D08255B0043FEE2 /* RootViewController.m */,
				61D49AD11D08255B0043FEE2 /* DataViewController.h */,
				61D49AD21D08255B0043FEE2 /* DataViewController.m */,
				61D49AD41D08255B0043FEE2 /* ModelController.h */,
				61D49AD51D08255B0043FEE2 /* ModelController.m */,
				61D49AD71D08255B0043FEE2 /* Main.storyboard */,
				61D49ADA1D08255B0043FEE2 /* Assets.xcassets */,
				61D49ADC1D08255B0043FEE2 /* LaunchScreen.storyboard */,
				61D49ADF1D08255B0043FEE2 /* Info.plist */,
				61D49AC81D08255B0043FEE2 /* Supporting Files */,
			);
			path = pages;
			sourceTree = "<group>";
		};
		61D49AC81D08255B0043FEE2 /* Supporting Files */ = {
			isa = PBXGroup;
			children = (
				61D49AC91D08255B0043FEE2 /* main.m */,
			);
			name = "Supporting Files";
			sourceTree = "<group>";
		};
		61D49AE71D08255D0043FEE2 /* pagesTests */ = {
			isa = PBXGroup;
			children = (
				61D49AE81D08255D0043FEE2 /* pagesTests.m */,
				61D49AEA1D08255D0043FEE2 /* Info.plist */,
			);
			path = pagesTests;
			sourceTree = "<group>";
		};
		61D49AF21D08255D0043FEE2 /* pagesUITests */ = {
			isa = PBXGroup;
			children = (
				61D49AF31D08255D0043FEE2 /* pagesUITests.m */,
				61D49AF51D08255D0043FEE2 /* Info.plist */,
			);
			path = pagesUITests;
			sourceTree = "<group>";
		};
/* End PBXGroup section */

/* Begin PBXNativeTarget section */
		61D49AC41D08255B0043FEE2 /* pages */ = {
			isa = PBXNativeTarget;
			buildConfigurationList = 61D49AF81D08255D0043FEE2 /* Build configuration list for PBXNativeTarget "pages" */;
			buildPhases = (
				61D49AC11D08255B0043FEE2 /* Sources */,
				61D49AC21D08255B0043FEE2 /* Frameworks */,
				61D49AC31D08255B0043FEE2 /* Resources */,
			);
			buildRules = (
			);
			dependencies = (
			);
			name = pages;
			productName = pages;
			productReference = 61D49AC51D08255B0043FEE2 /* pages.app */;
			productType = "com.apple.product-type.application";
		};
		61D49AE31D08255D0043FEE2 /* pagesTests */ = {
			isa = PBXNativeTarget;
			buildConfigurationList = 61D49AFB1D08255D0043FEE2 /* Build configuration list for PBXNativeTarget "pagesTests" */;
			buildPhases = (
				61D49AE01D08255D0043FEE2 /* Sources */,
				61D49AE11D08255D0043FEE2 /* Frameworks */,
				61D49AE21D08255D0043FEE2 /* Resources */,
			);
			buildRules = (
			);
			dependencies = (
				61D49AE61D08255D0043FEE2 /* PBXTargetDependency */,
			);
			name = pagesTests;
			productName = pagesTests;
			productReference = 61D49AE41D08255D0043FEE2 /* pagesTests.xctest */;
			productType = "com.apple.product-type.bundle.unit-test";
		};
		61D49AEE1D08255D0043FEE2 /* pagesUITests */ = {
			isa = PBXNativeTarget;
			buildConfigurationList = 61D49AFE1D08255D0043FEE2 /* Build configuration list for PBXNativeTarget "pagesUITests" */;
			buildPhases = (
				61D49AEB1D08255D0043FEE2 /* Sources */,
				61D49AEC1D08255D0043FEE2 /* Frameworks */,
				61D49AED1D08255D0043FEE2 /* Resources */,
			);
			buildRules = (
			);
			dependencies = (
				61D49AF11D08255D0043FEE2 /* PBXTargetDependency */,
			);
			name = pagesUITests;
			productName = pagesUITests;
			productReference = 61D49AEF1D08255D0043FEE2 /* pagesUITests.xctest */;
			productType = "com.apple.product-type.bundle.ui-testing";
		};
/* End PBXNativeTarget section */

/* Begin PBXProject section */
		61D49ABD1D08255A0043FEE2 /* Project object */ = {
			isa = PBXProject;
			attributes = {
				LastUpgradeCheck = 0730;
				ORGANIZATIONNAME = "Tajuddin ";
				TargetAttributes = {
					61D49AC41D08255B0043FEE2 = {
						CreatedOnToolsVersion = 7.3.1;
					};
					61D49AE31D08255D0043FEE2 = {
						CreatedOnToolsVersion = 7.3.1;
						TestTargetID = 61D49AC41D08255B0043FEE2;
					};
					61D49AEE1D08255D0043FEE2 = {
						CreatedOnToolsVersion = 7.3.1;
						TestTargetID = 61D49AC41D08255B0043FEE2;
					};
				};
			};
			buildConfigurationList = 61D49AC01D08255A0043FEE2 /* Build configuration list for PBXProject "pages" */;
			compatibilityVersion = "Xcode 3.2";
			developmentRegion = English;
			hasScannedForEncodings = 0;
			knownRegions = (
				en,
				Base,
			);
			mainGroup = 61D49ABC1D08255A0043FEE2;
			productRefGroup = 61D49AC61D08255B0043FEE2 /* Products */;
			projectDirPath = "";
			projectRoot = "";
			targets = (
				61D49AC41D08255B0043FEE2 /* pages */,
				61D49AE31D08255D0043FEE2 /* pagesTests */,
				61D49AEE1D08255D0043FEE2 /* pagesUITests */,
			);
		};
/* End PBXProject section */

/* Begin PBXResourcesBuildPhase section */
		61D49AC31D08255B0043FEE2 /* Resources */ = {
			isa = PBXResourcesBuildPhase;
			buildActionMask = 2147483647;
			files = (
				61D49ADE1D08255B0043FEE2 /* LaunchScreen.storyboard in Resources */,
				61D49ADB1D08255B0043FEE2 /* Assets.xcassets in Resources */,
				61D49AD91D08255B0043FEE2 /* Main.storyboard in Resources */,
			);
			runOnlyForDeploymentPostprocessing = 0;
		};
		61D49AE21D08255D0043FEE2 /* Resources */ = {
			isa = PBXResourcesBuildPhase;
			buildActionMask = 2147483647;
			files = (
			);
			runOnlyForDeploymentPostprocessing = 0;
		};
		61D49AED1D08255D0043FEE2 /* Resources */ = {
			isa = PBXResourcesBuildPhase;
			buildActionMask = 2147483647;
			files = (
			);
			runOnlyForDeploymentPostprocessing = 0;
		};
/* End PBXResourcesBuildPhase section */

/* Begin PBXSourcesBuildPhase section */
		61D49AC11D08255B0043FEE2 /* Sources */ = {
			isa = PBXSourcesBuildPhase;
			buildActionMask = 2147483647;
			files = (
				61D49AD31D08255B0043FEE2 /* DataViewController.m in Sources */,
				61D49ACD1D08255B0043FEE2 /* AppDelegate.m in Sources */,
				61D49AD61D08255B0043FEE2 /* ModelController.m in Sources */,
				61D49ACA1D08255B0043FEE2 /* main.m in Sources */,
				61D49AD01D08255B0043FEE2 /* RootViewController.m in Sources */,
			);
			runOnlyForDeploymentPostprocessing = 0;
		};
		61D49AE01D08255D0043FEE2 /* Sources */ = {
			isa = PBXSourcesBuildPhase;
			buildActionMask = 2147483647;
			files = (
				61D49AE91D08255D0043FEE2 /* pagesTests.m in Sources */,
			);
			runOnlyForDeploymentPostprocessing = 0;
		};
		61D49AEB1D08255D0043FEE2 /* Sources */ = {
			isa = PBXSourcesBuildPhase;
			buildActionMask = 2147483647;
			files = (
				61D49AF41D08255D0043FEE2 /* pagesUITests.m in Sources */,
			);
			runOnlyForDeploymentPostprocessing = 0;
		};
/* End PBXSourcesBuildPhase section */

/* Begin PBXTargetDependency section */
		61D49AE61D08255D0043FEE2 /* PBXTargetDependency */ = {
			isa = PBXTargetDependency;
			target = 61D49AC41D08255B0043FEE2 /* pages */;
			targetProxy = 61D49AE51D08255D0043FEE2 /* PBXContainerItemProxy */;
		};
		61D49AF11D08255D0043FEE2 /* PBXTargetDependency */ = {
			isa = PBXTargetDependency;
			target = 61D49AC41D08255B0043FEE2 /* pages */;
			targetProxy = 61D49AF01D08255D0043FEE2 /* PBXContainerItemProxy */;
		};
/* End PBXTargetDependency section */

/* Begin PBXVariantGroup section */
		61D49AD71D08255B0043FEE2 /* Main.storyboard */ = {
			isa = PBXVariantGroup;
			children = (
				61D49AD81D08255B0043FEE2 /* Base */,
			);
			name = Main.storyboard;
			sourceTree = "<group>";
		};
		61D49ADC1D08255B0043FEE2 /* LaunchScreen.storyboard */ = {
			isa = PBXVariantGroup;
			children = (
				61D49ADD1D08255B0043FEE2 /* Base */,
			);
			name = LaunchScreen.storyboard;
			sourceTree = "<group>";
		};
/* End PBXVariantGroup section */

/* Begin XCBuildConfiguration section */
		61D49AF61D08255D0043FEE2 /* Debug */ = {
			isa = XCBuildConfiguration;
			buildSettings = {
				ALWAYS_SEARCH_USER_PATHS = NO;
				CLANG_ANALYZER_NONNULL = YES;
				CLANG_CXX_LANGUAGE_STANDARD = "gnu++0x";
				CLANG_CXX_LIBRARY = "libc++";
				CLANG_ENABLE_MODULES = YES;
				CLANG_ENABLE_OBJC_ARC = YES;
				CLANG_WARN_BOOL_CONVERSION = YES;
				CLANG_WARN_CONSTANT_CONVERSION = YES;
				CLANG_WARN_DIRECT_OBJC_ISA_USAGE = YES_ERROR;
				CLANG_WARN_EMPTY_BODY = YES;
				CLANG_WARN_ENUM_CONVERSION = YES;
				CLANG_WARN_INT_CONVERSION = YES;
				CLANG_WARN_OBJC_ROOT_CLASS = YES_ERROR;
				CLANG_WARN_UNREACHABLE_CODE = YES;
				CLANG_WARN__DUPLICATE_METHOD_MATCH = YES;
				"CODE_SIGN_IDENTITY[sdk=iphoneos*]" = "iPhone Developer";
				COPY_PHASE_STRIP = NO;
				DEBUG_INFORMATION_FORMAT = dwarf;
				ENABLE_STRICT_OBJC_MSGSEND = YES;
				ENABLE_TESTABILITY = YES;
				GCC_C_LANGUAGE_STANDARD = gnu99;
				GCC_DYNAMIC_NO_PIC = NO;
				GCC_NO_COMMON_BLOCKS = YES;
				GCC_OPTIMIZATION_LEVEL = 0;
				GCC_PREPROCESSOR_DEFINITIONS = (
					"DEBUG=1",
					"$(inherited)",
				);
				GCC_WARN_64_TO_32_BIT_CONVERSION = YES;
				GCC_WARN_ABOUT_RETURN_TYPE = YES_ERROR;
				GCC_WARN_UNDECLARED_SELECTOR = YES;
				GCC_WARN_UNINITIALIZED_AUTOS = YES_AGGRESSIVE;
				GCC_WARN_UNUSED_FUNCTION = YES;
				GCC_WARN_UNUSED_VARIABLE = YES;
				IPHONEOS_DEPLOYMENT_TARGET = 9.3;
				MTL_ENABLE_DEBUG_INFO = YES;
				ONLY_ACTIVE_ARCH = YES;
				SDKROOT = iphoneos;
			};
			name = Debug;
		};
		61D49AF71D08255D0043FEE2 /* Release */ = {
			isa = XCBuildConfiguration;
			buildSettings = {
				ALWAYS_SEARCH_USER_PATHS = NO;
				CLANG_ANALYZER_NONNULL = YES;
				CLANG_CXX_LANGUAGE_STANDARD = "gnu++0x";
				CLANG_CXX_LIBRARY = "libc++";
				CLANG_ENABLE_MODULES = YES;
				CLANG_ENABLE_OBJC_ARC = YES;
				CLANG_WARN_BOOL_CONVERSION = YES;
				CLANG_WARN_CONSTANT_CONVERSION = YES;
				CLANG_WARN_DIRECT_OBJC_ISA_USAGE = YES_ERROR;
				CLANG_WARN_EMPTY_BODY = YES;
				CLANG_WARN_ENUM_CONVERSION = YES;
				CLANG_WARN_INT_CONVERSION = YES;
				CLANG_WARN_OBJC_ROOT_CLASS = YES_ERROR;
				CLANG_WARN_UNREACHABLE_CODE = YES;
				CLANG_WARN__DUPLICATE_METHOD_MATCH = YES;
				"CODE_SIGN_IDENTITY[sdk=iphoneos*]" = "iPhone Developer";
				COPY_PHASE_STRIP = NO;
				DEBUG_INFORMATION_FORMAT = "dwarf-with-dsym";
				ENABLE_NS_ASSERTIONS = NO;
				ENABLE_STRICT_OBJC_MSGSEND = YES;
				GCC_C_LANGUAGE_STANDARD = gnu99;
				GCC_NO_COMMON_BLOCKS = YES;
				GCC_WARN_64_TO_32_BIT_CONVERSION = YES;
				GCC_WARN_ABOUT_RETURN_TYPE = YES_ERROR;
				GCC_WARN_UNDECLARED_SELECTOR = YES;
				GCC_WARN_UNINITIALIZED_AUTOS = YES_AGGRESSIVE;
				GCC_WARN_UNUSED_FUNCTION = YES;
				GCC_WARN_UNUSED_VARIABLE = YES;
				IPHONEOS_DEPLOYMENT_TARGET = 9.3;
				MTL_ENABLE_DEBUG_INFO = NO;
				SDKROOT = iphoneos;
				VALIDATE_PRODUCT = YES;
			};
			name = Release;
		};
		61D49AF91D08255D0043FEE2 /* Debug */ = {
			isa = XCBuildConfiguration;
			buildSettings = {
				ASSETCATALOG_COMPILER_APPICON_NAME = AppIcon;
				INFOPLIST_FILE = pages/Info.plist;
				LD_RUNPATH_SEARCH_PATHS = "$(inherited) @executable_path/Frameworks";
				PRODUCT_BUNDLE_IDENTIFIER = impc.pages;
				PRODUCT_NAME = "$(TARGET_NAME)";
			};
			name = Debug;
		};
		61D49AFA1D08255D0043FEE2 /* Release */ = {
			isa = XCBuildConfiguration;
			buildSettings = {
				ASSETCATALOG_COMPILER_APPICON_NAME = AppIcon;
				INFOPLIST_FILE = pages/Info.plist;
				LD_RUNPATH_SEARCH_PATHS = "$(inherited) @executable_path/Frameworks";
				PRODUCT_BUNDLE_IDENTIFIER = impc.pages;
				PRODUCT_NAME = "$(TARGET_NAME)";
			};
			name = Release;
		};
		61D49AFC1D08255D0043FEE2 /* Debug */ = {
			isa = XCBuildConfiguration;
			buildSettings = {
				BUNDLE_LOADER = "$(TEST_HOST)";
				INFOPLIST_FILE = pagesTests/Info.plist;
				LD_RUNPATH_SEARCH_PATHS = "$(inherited) @executable_path/Frameworks @loader_path/Frameworks";
				PRODUCT_BUNDLE_IDENTIFIER = impc.pagesTests;
				PRODUCT_NAME = "$(TARGET_NAME)";
				TEST_HOST = "$(BUILT_PRODUCTS_DIR)/pages.app/pages";
			};
			name = Debug;
		};
		61D49AFD1D08255D0043FEE2 /* Release */ = {
			isa = XCBuildConfiguration;
			buildSettings = {
				BUNDLE_LOADER = "$(TEST_HOST)";
				INFOPLIST_FILE = pagesTests/Info.plist;
				LD_RUNPATH_SEARCH_PATHS = "$(inherited) @executable_path/Frameworks @loader_path/Frameworks";
				PRODUCT_BUNDLE_IDENTIFIER = impc.pagesTests;
				PRODUCT_NAME = "$(TARGET_NAME)";
				TEST_HOST = "$(BUILT_PRODUCTS_DIR)/pages.app/pages";
			};
			name = Release;
		};
		61D49AFF1D08255D0043FEE2 /* Debug */ = {
			isa = XCBuildConfiguration;
			buildSettings = {
				INFOPLIST_FILE = pagesUITests/Info.plist;
				LD_RUNPATH_SEARCH_PATHS = "$(inherited) @executable_path/Frameworks @loader_path/Frameworks";
				PRODUCT_BUNDLE_IDENTIFIER = impc.pagesUITests;
				PRODUCT_NAME = "$(TARGET_NAME)";
				TEST_TARGET_NAME = pages;
			};
			name = Debug;
		};
		61D49B001D08255D0043FEE2 /* Release */ = {
			isa = XCBuildConfiguration;
			buildSettings = {
				INFOPLIST_FILE = pagesUITests/Info.plist;
				LD_RUNPATH_SEARCH_PATHS = "$(inherited) @executable_path/Frameworks @loader_path/Frameworks";
				PRODUCT_BUNDLE_IDENTIFIER = impc.pagesUITests;
				PRODUCT_NAME = "$(TARGET_NAME)";
				TEST_TARGET_NAME = pages;
			};
			name = Release;
		};
/* End XCBuildConfiguration section */

/* Begin XCConfigurationList section */
		61D49AC01D08255A0043FEE2 /* Build configuration list for PBXProject "pages" */ = {
			isa = XCConfigurationList;
			buildConfigurations = (
				61D49AF61D08255D0043FEE2 /* Debug */,
				61D49AF71D08255D0043FEE2 /* Release */,
			);
			defaultConfigurationIsVisible = 0;
			defaultConfigurationName = Release;
		};
		61D49AF81D08255D0043FEE2 /* Build configuration list for PBXNativeTarget "pages" */ = {
			isa = XCConfigurationList;
			buildConfigurations = (
				61D49AF91D08255D0043FEE2 /* Debug */,
				61D49AFA1D08255D0043FEE2 /* Release */,
			);
			defaultConfigurationIsVisible = 0;
		};
		61D49AFB1D08255D0043FEE2 /* Build configuration list for PBXNativeTarget "pagesTests" */ = {
			isa = XCConfigurationList;
			buildConfigurations = (
				61D49AFC1D08255D0043FEE2 /* Debug */,
				61D49AFD1D08255D0043FEE2 /* Release */,
			);
			defaultConfigurationIsVisible = 0;
		};
		61D49AFE1D08255D0043FEE2 /* Build configuration list for PBXNativeTarget "pagesUITests" */ = {
			isa = XCConfigurationList;
			buildConfigurations = (
				61D49AFF1D08255D0043FEE2 /* Debug */,
				61D49B001D08255D0043FEE2 /* Release */,
			);
			defaultConfigurationIsVisible = 0;
		};
/* End XCConfigurationList section */
	};
	rootObject = 61D49ABD1D08255A0043FEE2 /* Project object */;
}
