// !$*UTF8*$!
{
	archiveVersion = 1;
	classes = {
	};
	objectVersion = 46;
	objects = {

/* Begin PBXBuildFile section */
		6145E1961CEC448800048C76 /* main.m in Sources */ = {isa = PBXBuildFile; fileRef = 6145E1951CEC448800048C76 /* main.m */; };
		6145E1991CEC448800048C76 /* AppDelegate.m in Sources */ = {isa = PBXBuildFile; fileRef = 6145E1981CEC448800048C76 /* AppDelegate.m */; };
		6145E19C1CEC448800048C76 /* ViewController.m in Sources */ = {isa = PBXBuildFile; fileRef = 6145E19B1CEC448800048C76 /* ViewController.m */; };
		6145E19F1CEC448800048C76 /* Main.storyboard in Resources */ = {isa = PBXBuildFile; fileRef = 6145E19D1CEC448800048C76 /* Main.storyboard */; };
		6145E1A21CEC448800048C76 /* Appyy.xcdatamodeld in Sources */ = {isa = PBXBuildFile; fileRef = 6145E1A01CEC448800048C76 /* Appyy.xcdatamodeld */; };
		6145E1A41CEC448800048C76 /* Assets.xcassets in Resources */ = {isa = PBXBuildFile; fileRef = 6145E1A31CEC448800048C76 /* Assets.xcassets */; };
		6145E1A71CEC448800048C76 /* LaunchScreen.storyboard in Resources */ = {isa = PBXBuildFile; fileRef = 6145E1A51CEC448800048C76 /* LaunchScreen.storyboard */; };
		6145E1B21CEC448800048C76 /* AppyyTests.m in Sources */ = {isa = PBXBuildFile; fileRef = 6145E1B11CEC448800048C76 /* AppyyTests.m */; };
		6145E1BD1CEC448800048C76 /* AppyyUITests.m in Sources */ = {isa = PBXBuildFile; fileRef = 6145E1BC1CEC448800048C76 /* AppyyUITests.m */; };
		6145E1CB1CEC520600048C76 /* impelsys logo.jpeg in Resources */ = {isa = PBXBuildFile; fileRef = 6145E1CA1CEC520600048C76 /* impelsys logo.jpeg */; };
		6145E1CD1CEC523F00048C76 /* Cd97IL3UMAEyz4K.jpg-large.jpeg in Resources */ = {isa = PBXBuildFile; fileRef = 6145E1CC1CEC523F00048C76 /* Cd97IL3UMAEyz4K.jpg-large.jpeg */; };
		6145E1CF1CEC530C00048C76 /* style.css in Resources */ = {isa = PBXBuildFile; fileRef = 6145E1CE1CEC530C00048C76 /* style.css */; };
/* End PBXBuildFile section */

/* Begin PBXContainerItemProxy section */
		6145E1AE1CEC448800048C76 /* PBXContainerItemProxy */ = {
			isa = PBXContainerItemProxy;
			containerPortal = 6145E1891CEC448800048C76 /* Project object */;
			proxyType = 1;
			remoteGlobalIDString = 6145E1901CEC448800048C76;
			remoteInfo = Appyy;
		};
		6145E1B91CEC448800048C76 /* PBXContainerItemProxy */ = {
			isa = PBXContainerItemProxy;
			containerPortal = 6145E1891CEC448800048C76 /* Project object */;
			proxyType = 1;
			remoteGlobalIDString = 6145E1901CEC448800048C76;
			remoteInfo = Appyy;
		};
/* End PBXContainerItemProxy section */

/* Begin PBXFileReference section */
		6145E1911CEC448800048C76 /* Appyy.app */ = {isa = PBXFileReference; explicitFileType = wrapper.application; includeInIndex = 0; path = Appyy.app; sourceTree = BUILT_PRODUCTS_DIR; };
		6145E1951CEC448800048C76 /* main.m */ = {isa = PBXFileReference; lastKnownFileType = sourcecode.c.objc; path = main.m; sourceTree = "<group>"; };
		6145E1971CEC448800048C76 /* AppDelegate.h */ = {isa = PBXFileReference; lastKnownFileType = sourcecode.c.h; path = AppDelegate.h; sourceTree = "<group>"; };
		6145E1981CEC448800048C76 /* AppDelegate.m */ = {isa = PBXFileReference; lastKnownFileType = sourcecode.c.objc; path = AppDelegate.m; sourceTree = "<group>"; };
		6145E19A1CEC448800048C76 /* ViewController.h */ = {isa = PBXFileReference; lastKnownFileType = sourcecode.c.h; path = ViewController.h; sourceTree = "<group>"; };
		6145E19B1CEC448800048C76 /* ViewController.m */ = {isa = PBXFileReference; lastKnownFileType = sourcecode.c.objc; path = ViewController.m; sourceTree = "<group>"; };
		6145E19E1CEC448800048C76 /* Base */ = {isa = PBXFileReference; lastKnownFileType = file.storyboard; name = Base; path = Base.lproj/Main.storyboard; sourceTree = "<group>"; };
		6145E1A11CEC448800048C76 /* Appyy.xcdatamodel */ = {isa = PBXFileReference; lastKnownFileType = wrapper.xcdatamodel; path = Appyy.xcdatamodel; sourceTree = "<group>"; };
		6145E1A31CEC448800048C76 /* Assets.xcassets */ = {isa = PBXFileReference; lastKnownFileType = folder.assetcatalog; path = Assets.xcassets; sourceTree = "<group>"; };
		6145E1A61CEC448800048C76 /* Base */ = {isa = PBXFileReference; lastKnownFileType = file.storyboard; name = Base; path = Base.lproj/LaunchScreen.storyboard; sourceTree = "<group>"; };
		6145E1A81CEC448800048C76 /* Info.plist */ = {isa = PBXFileReference; lastKnownFileType = text.plist.xml; path = Info.plist; sourceTree = "<group>"; };
		6145E1AD1CEC448800048C76 /* AppyyTests.xctest */ = {isa = PBXFileReference; explicitFileType = wrapper.cfbundle; includeInIndex = 0; path = AppyyTests.xctest; sourceTree = BUILT_PRODUCTS_DIR; };
		6145E1B11CEC448800048C76 /* AppyyTests.m */ = {isa = PBXFileReference; lastKnownFileType = sourcecode.c.objc; path = AppyyTests.m; sourceTree = "<group>"; };
		6145E1B31CEC448800048C76 /* Info.plist */ = {isa = PBXFileReference; lastKnownFileType = text.plist.xml; path = Info.plist; sourceTree = "<group>"; };
		6145E1B81CEC448800048C76 /* AppyyUITests.xctest */ = {isa = PBXFileReference; explicitFileType = wrapper.cfbundle; includeInIndex = 0; path = AppyyUITests.xctest; sourceTree = BUILT_PRODUCTS_DIR; };
		6145E1BC1CEC448800048C76 /* AppyyUITests.m */ = {isa = PBXFileReference; lastKnownFileType = sourcecode.c.objc; path = AppyyUITests.m; sourceTree = "<group>"; };
		6145E1BE1CEC448800048C76 /* Info.plist */ = {isa = PBXFileReference; lastKnownFileType = text.plist.xml; path = Info.plist; sourceTree = "<group>"; };
		6145E1CA1CEC520600048C76 /* impelsys logo.jpeg */ = {isa = PBXFileReference; lastKnownFileType = image.jpeg; name = "impelsys logo.jpeg"; path = "../../../../Downloads/impelsys logo.jpeg"; sourceTree = "<group>"; };
		6145E1CC1CEC523F00048C76 /* Cd97IL3UMAEyz4K.jpg-large.jpeg */ = {isa = PBXFileReference; lastKnownFileType = image.jpeg; name = "Cd97IL3UMAEyz4K.jpg-large.jpeg"; path = "../../../../Downloads/Cd97IL3UMAEyz4K.jpg-large.jpeg"; sourceTree = "<group>"; };
		6145E1CE1CEC530C00048C76 /* style.css */ = {isa = PBXFileReference; fileEncoding = 4; lastKnownFileType = text.css; name = style.css; path = ../../../../Downloads/style.css; sourceTree = "<group>"; };
/* End PBXFileReference section */

/* Begin PBXFrameworksBuildPhase section */
		6145E18E1CEC448800048C76 /* Frameworks */ = {
			isa = PBXFrameworksBuildPhase;
			buildActionMask = 2147483647;
			files = (
			);
			runOnlyForDeploymentPostprocessing = 0;
		};
		6145E1AA1CEC448800048C76 /* Frameworks */ = {
			isa = PBXFrameworksBuildPhase;
			buildActionMask = 2147483647;
			files = (
			);
			runOnlyForDeploymentPostprocessing = 0;
		};
		6145E1B51CEC448800048C76 /* Frameworks */ = {
			isa = PBXFrameworksBuildPhase;
			buildActionMask = 2147483647;
			files = (
			);
			runOnlyForDeploymentPostprocessing = 0;
		};
/* End PBXFrameworksBuildPhase section */

/* Begin PBXGroup section */
		6145E1881CEC448800048C76 = {
			isa = PBXGroup;
			children = (
				6145E1931CEC448800048C76 /* Appyy */,
				6145E1B01CEC448800048C76 /* AppyyTests */,
				6145E1BB1CEC448800048C76 /* AppyyUITests */,
				6145E1921CEC448800048C76 /* Products */,
			);
			sourceTree = "<group>";
		};
		6145E1921CEC448800048C76 /* Products */ = {
			isa = PBXGroup;
			children = (
				6145E1911CEC448800048C76 /* Appyy.app */,
				6145E1AD1CEC448800048C76 /* AppyyTests.xctest */,
				6145E1B81CEC448800048C76 /* AppyyUITests.xctest */,
			);
			name = Products;
			sourceTree = "<group>";
		};
		6145E1931CEC448800048C76 /* Appyy */ = {
			isa = PBXGroup;
			children = (
				6145E1971CEC448800048C76 /* AppDelegate.h */,
				6145E1981CEC448800048C76 /* AppDelegate.m */,
				6145E19A1CEC448800048C76 /* ViewController.h */,
				6145E19B1CEC448800048C76 /* ViewController.m */,
				6145E19D1CEC448800048C76 /* Main.storyboard */,
				6145E1A31CEC448800048C76 /* Assets.xcassets */,
				6145E1A51CEC448800048C76 /* LaunchScreen.storyboard */,
				6145E1A81CEC448800048C76 /* Info.plist */,
				6145E1A01CEC448800048C76 /* Appyy.xcdatamodeld */,
				6145E1941CEC448800048C76 /* Supporting Files */,
			);
			path = Appyy;
			sourceTree = "<group>";
		};
		6145E1941CEC448800048C76 /* Supporting Files */ = {
			isa = PBXGroup;
			children = (
				6145E1CA1CEC520600048C76 /* impelsys logo.jpeg */,
				6145E1CE1CEC530C00048C76 /* style.css */,
				6145E1CC1CEC523F00048C76 /* Cd97IL3UMAEyz4K.jpg-large.jpeg */,
				6145E1951CEC448800048C76 /* main.m */,
			);
			name = "Supporting Files";
			sourceTree = "<group>";
		};
		6145E1B01CEC448800048C76 /* AppyyTests */ = {
			isa = PBXGroup;
			children = (
				6145E1B11CEC448800048C76 /* AppyyTests.m */,
				6145E1B31CEC448800048C76 /* Info.plist */,
			);
			path = AppyyTests;
			sourceTree = "<group>";
		};
		6145E1BB1CEC448800048C76 /* AppyyUITests */ = {
			isa = PBXGroup;
			children = (
				6145E1BC1CEC448800048C76 /* AppyyUITests.m */,
				6145E1BE1CEC448800048C76 /* Info.plist */,
			);
			path = AppyyUITests;
			sourceTree = "<group>";
		};
/* End PBXGroup section */

/* Begin PBXNativeTarget section */
		6145E1901CEC448800048C76 /* Appyy */ = {
			isa = PBXNativeTarget;
			buildConfigurationList = 6145E1C11CEC448800048C76 /* Build configuration list for PBXNativeTarget "Appyy" */;
			buildPhases = (
				6145E18D1CEC448800048C76 /* Sources */,
				6145E18E1CEC448800048C76 /* Frameworks */,
				6145E18F1CEC448800048C76 /* Resources */,
			);
			buildRules = (
			);
			dependencies = (
			);
			name = Appyy;
			productName = Appyy;
			productReference = 6145E1911CEC448800048C76 /* Appyy.app */;
			productType = "com.apple.product-type.application";
		};
		6145E1AC1CEC448800048C76 /* AppyyTests */ = {
			isa = PBXNativeTarget;
			buildConfigurationList = 6145E1C41CEC448800048C76 /* Build configuration list for PBXNativeTarget "AppyyTests" */;
			buildPhases = (
				6145E1A91CEC448800048C76 /* Sources */,
				6145E1AA1CEC448800048C76 /* Frameworks */,
				6145E1AB1CEC448800048C76 /* Resources */,
			);
			buildRules = (
			);
			dependencies = (
				6145E1AF1CEC448800048C76 /* PBXTargetDependency */,
			);
			name = AppyyTests;
			productName = AppyyTests;
			productReference = 6145E1AD1CEC448800048C76 /* AppyyTests.xctest */;
			productType = "com.apple.product-type.bundle.unit-test";
		};
		6145E1B71CEC448800048C76 /* AppyyUITests */ = {
			isa = PBXNativeTarget;
			buildConfigurationList = 6145E1C71CEC448800048C76 /* Build configuration list for PBXNativeTarget "AppyyUITests" */;
			buildPhases = (
				6145E1B41CEC448800048C76 /* Sources */,
				6145E1B51CEC448800048C76 /* Frameworks */,
				6145E1B61CEC448800048C76 /* Resources */,
			);
			buildRules = (
			);
			dependencies = (
				6145E1BA1CEC448800048C76 /* PBXTargetDependency */,
			);
			name = AppyyUITests;
			productName = AppyyUITests;
			productReference = 6145E1B81CEC448800048C76 /* AppyyUITests.xctest */;
			productType = "com.apple.product-type.bundle.ui-testing";
		};
/* End PBXNativeTarget section */

/* Begin PBXProject section */
		6145E1891CEC448800048C76 /* Project object */ = {
			isa = PBXProject;
			attributes = {
				LastUpgradeCheck = 0730;
				ORGANIZATIONNAME = "Tajuddin ";
				TargetAttributes = {
					6145E1901CEC448800048C76 = {
						CreatedOnToolsVersion = 7.3.1;
					};
					6145E1AC1CEC448800048C76 = {
						CreatedOnToolsVersion = 7.3.1;
						TestTargetID = 6145E1901CEC448800048C76;
					};
					6145E1B71CEC448800048C76 = {
						CreatedOnToolsVersion = 7.3.1;
						TestTargetID = 6145E1901CEC448800048C76;
					};
				};
			};
			buildConfigurationList = 6145E18C1CEC448800048C76 /* Build configuration list for PBXProject "Appyy" */;
			compatibilityVersion = "Xcode 3.2";
			developmentRegion = English;
			hasScannedForEncodings = 0;
			knownRegions = (
				en,
				Base,
			);
			mainGroup = 6145E1881CEC448800048C76;
			productRefGroup = 6145E1921CEC448800048C76 /* Products */;
			projectDirPath = "";
			projectRoot = "";
			targets = (
				6145E1901CEC448800048C76 /* Appyy */,
				6145E1AC1CEC448800048C76 /* AppyyTests */,
				6145E1B71CEC448800048C76 /* AppyyUITests */,
			);
		};
/* End PBXProject section */

/* Begin PBXResourcesBuildPhase section */
		6145E18F1CEC448800048C76 /* Resources */ = {
			isa = PBXResourcesBuildPhase;
			buildActionMask = 2147483647;
			files = (
				6145E1A71CEC448800048C76 /* LaunchScreen.storyboard in Resources */,
				6145E1CF1CEC530C00048C76 /* style.css in Resources */,
				6145E1CB1CEC520600048C76 /* impelsys logo.jpeg in Resources */,
				6145E1A41CEC448800048C76 /* Assets.xcassets in Resources */,
				6145E19F1CEC448800048C76 /* Main.storyboard in Resources */,
				6145E1CD1CEC523F00048C76 /* Cd97IL3UMAEyz4K.jpg-large.jpeg in Resources */,
			);
			runOnlyForDeploymentPostprocessing = 0;
		};
		6145E1AB1CEC448800048C76 /* Resources */ = {
			isa = PBXResourcesBuildPhase;
			buildActionMask = 2147483647;
			files = (
			);
			runOnlyForDeploymentPostprocessing = 0;
		};
		6145E1B61CEC448800048C76 /* Resources */ = {
			isa = PBXResourcesBuildPhase;
			buildActionMask = 2147483647;
			files = (
			);
			runOnlyForDeploymentPostprocessing = 0;
		};
/* End PBXResourcesBuildPhase section */

/* Begin PBXSourcesBuildPhase section */
		6145E18D1CEC448800048C76 /* Sources */ = {
			isa = PBXSourcesBuildPhase;
			buildActionMask = 2147483647;
			files = (
				6145E19C1CEC448800048C76 /* ViewController.m in Sources */,
				6145E1A21CEC448800048C76 /* Appyy.xcdatamodeld in Sources */,
				6145E1991CEC448800048C76 /* AppDelegate.m in Sources */,
				6145E1961CEC448800048C76 /* main.m in Sources */,
			);
			runOnlyForDeploymentPostprocessing = 0;
		};
		6145E1A91CEC448800048C76 /* Sources */ = {
			isa = PBXSourcesBuildPhase;
			buildActionMask = 2147483647;
			files = (
				6145E1B21CEC448800048C76 /* AppyyTests.m in Sources */,
			);
			runOnlyForDeploymentPostprocessing = 0;
		};
		6145E1B41CEC448800048C76 /* Sources */ = {
			isa = PBXSourcesBuildPhase;
			buildActionMask = 2147483647;
			files = (
				6145E1BD1CEC448800048C76 /* AppyyUITests.m in Sources */,
			);
			runOnlyForDeploymentPostprocessing = 0;
		};
/* End PBXSourcesBuildPhase section */

/* Begin PBXTargetDependency section */
		6145E1AF1CEC448800048C76 /* PBXTargetDependency */ = {
			isa = PBXTargetDependency;
			target = 6145E1901CEC448800048C76 /* Appyy */;
			targetProxy = 6145E1AE1CEC448800048C76 /* PBXContainerItemProxy */;
		};
		6145E1BA1CEC448800048C76 /* PBXTargetDependency */ = {
			isa = PBXTargetDependency;
			target = 6145E1901CEC448800048C76 /* Appyy */;
			targetProxy = 6145E1B91CEC448800048C76 /* PBXContainerItemProxy */;
		};
/* End PBXTargetDependency section */

/* Begin PBXVariantGroup section */
		6145E19D1CEC448800048C76 /* Main.storyboard */ = {
			isa = PBXVariantGroup;
			children = (
				6145E19E1CEC448800048C76 /* Base */,
			);
			name = Main.storyboard;
			sourceTree = "<group>";
		};
		6145E1A51CEC448800048C76 /* LaunchScreen.storyboard */ = {
			isa = PBXVariantGroup;
			children = (
				6145E1A61CEC448800048C76 /* Base */,
			);
			name = LaunchScreen.storyboard;
			sourceTree = "<group>";
		};
/* End PBXVariantGroup section */

/* Begin XCBuildConfiguration section */
		6145E1BF1CEC448800048C76 /* Debug */ = {
			isa = XCBuildConfiguration;
			buildSettings = {
				ALWAYS_SEARCH_USER_PATHS = NO;
				CLANG_ANALYZER_NONNULL = YES;
				CLANG_CXX_LANGUAGE_STANDARD = "gnu++0x";
				CLANG_CXX_LIBRARY = "libc++";
				CLANG_ENABLE_MODULES = YES;
				CLANG_ENABLE_OBJC_ARC = YES;
				CLANG_WARN_BOOL_CONVERSION = YES;
				CLANG_WARN_CONSTANT_CONVERSION = YES;
				CLANG_WARN_DIRECT_OBJC_ISA_USAGE = YES_ERROR;
				CLANG_WARN_EMPTY_BODY = YES;
				CLANG_WARN_ENUM_CONVERSION = YES;
				CLANG_WARN_INT_CONVERSION = YES;
				CLANG_WARN_OBJC_ROOT_CLASS = YES_ERROR;
				CLANG_WARN_UNREACHABLE_CODE = YES;
				CLANG_WARN__DUPLICATE_METHOD_MATCH = YES;
				"CODE_SIGN_IDENTITY[sdk=iphoneos*]" = "iPhone Developer";
				COPY_PHASE_STRIP = NO;
				DEBUG_INFORMATION_FORMAT = dwarf;
				ENABLE_STRICT_OBJC_MSGSEND = YES;
				ENABLE_TESTABILITY = YES;
				GCC_C_LANGUAGE_STANDARD = gnu99;
				GCC_DYNAMIC_NO_PIC = NO;
				GCC_NO_COMMON_BLOCKS = YES;
				GCC_OPTIMIZATION_LEVEL = 0;
				GCC_PREPROCESSOR_DEFINITIONS = (
					"DEBUG=1",
					"$(inherited)",
				);
				GCC_WARN_64_TO_32_BIT_CONVERSION = YES;
				GCC_WARN_ABOUT_RETURN_TYPE = YES_ERROR;
				GCC_WARN_UNDECLARED_SELECTOR = YES;
				GCC_WARN_UNINITIALIZED_AUTOS = YES_AGGRESSIVE;
				GCC_WARN_UNUSED_FUNCTION = YES;
				GCC_WARN_UNUSED_VARIABLE = YES;
				IPHONEOS_DEPLOYMENT_TARGET = 9.3;
				MTL_ENABLE_DEBUG_INFO = YES;
				ONLY_ACTIVE_ARCH = YES;
				SDKROOT = iphoneos;
			};
			name = Debug;
		};
		6145E1C01CEC448800048C76 /* Release */ = {
			isa = XCBuildConfiguration;
			buildSettings = {
				ALWAYS_SEARCH_USER_PATHS = NO;
				CLANG_ANALYZER_NONNULL = YES;
				CLANG_CXX_LANGUAGE_STANDARD = "gnu++0x";
				CLANG_CXX_LIBRARY = "libc++";
				CLANG_ENABLE_MODULES = YES;
				CLANG_ENABLE_OBJC_ARC = YES;
				CLANG_WARN_BOOL_CONVERSION = YES;
				CLANG_WARN_CONSTANT_CONVERSION = YES;
				CLANG_WARN_DIRECT_OBJC_ISA_USAGE = YES_ERROR;
				CLANG_WARN_EMPTY_BODY = YES;
				CLANG_WARN_ENUM_CONVERSION = YES;
				CLANG_WARN_INT_CONVERSION = YES;
				CLANG_WARN_OBJC_ROOT_CLASS = YES_ERROR;
				CLANG_WARN_UNREACHABLE_CODE = YES;
				CLANG_WARN__DUPLICATE_METHOD_MATCH = YES;
				"CODE_SIGN_IDENTITY[sdk=iphoneos*]" = "iPhone Developer";
				COPY_PHASE_STRIP = NO;
				DEBUG_INFORMATION_FORMAT = "dwarf-with-dsym";
				ENABLE_NS_ASSERTIONS = NO;
				ENABLE_STRICT_OBJC_MSGSEND = YES;
				GCC_C_LANGUAGE_STANDARD = gnu99;
				GCC_NO_COMMON_BLOCKS = YES;
				GCC_WARN_64_TO_32_BIT_CONVERSION = YES;
				GCC_WARN_ABOUT_RETURN_TYPE = YES_ERROR;
				GCC_WARN_UNDECLARED_SELECTOR = YES;
				GCC_WARN_UNINITIALIZED_AUTOS = YES_AGGRESSIVE;
				GCC_WARN_UNUSED_FUNCTION = YES;
				GCC_WARN_UNUSED_VARIABLE = YES;
				IPHONEOS_DEPLOYMENT_TARGET = 9.3;
				MTL_ENABLE_DEBUG_INFO = NO;
				SDKROOT = iphoneos;
				VALIDATE_PRODUCT = YES;
			};
			name = Release;
		};
		6145E1C21CEC448800048C76 /* Debug */ = {
			isa = XCBuildConfiguration;
			buildSettings = {
				ASSETCATALOG_COMPILER_APPICON_NAME = AppIcon;
				INFOPLIST_FILE = Appyy/Info.plist;
				LD_RUNPATH_SEARCH_PATHS = "$(inherited) @executable_path/Frameworks";
				PRODUCT_BUNDLE_IDENTIFIER = impc.Appyy;
				PRODUCT_NAME = "$(TARGET_NAME)";
			};
			name = Debug;
		};
		6145E1C31CEC448800048C76 /* Release */ = {
			isa = XCBuildConfiguration;
			buildSettings = {
				ASSETCATALOG_COMPILER_APPICON_NAME = AppIcon;
				INFOPLIST_FILE = Appyy/Info.plist;
				LD_RUNPATH_SEARCH_PATHS = "$(inherited) @executable_path/Frameworks";
				PRODUCT_BUNDLE_IDENTIFIER = impc.Appyy;
				PRODUCT_NAME = "$(TARGET_NAME)";
			};
			name = Release;
		};
		6145E1C51CEC448800048C76 /* Debug */ = {
			isa = XCBuildConfiguration;
			buildSettings = {
				BUNDLE_LOADER = "$(TEST_HOST)";
				INFOPLIST_FILE = AppyyTests/Info.plist;
				LD_RUNPATH_SEARCH_PATHS = "$(inherited) @executable_path/Frameworks @loader_path/Frameworks";
				PRODUCT_BUNDLE_IDENTIFIER = impc.AppyyTests;
				PRODUCT_NAME = "$(TARGET_NAME)";
				TEST_HOST = "$(BUILT_PRODUCTS_DIR)/Appyy.app/Appyy";
			};
			name = Debug;
		};
		6145E1C61CEC448800048C76 /* Release */ = {
			isa = XCBuildConfiguration;
			buildSettings = {
				BUNDLE_LOADER = "$(TEST_HOST)";
				INFOPLIST_FILE = AppyyTests/Info.plist;
				LD_RUNPATH_SEARCH_PATHS = "$(inherited) @executable_path/Frameworks @loader_path/Frameworks";
				PRODUCT_BUNDLE_IDENTIFIER = impc.AppyyTests;
				PRODUCT_NAME = "$(TARGET_NAME)";
				TEST_HOST = "$(BUILT_PRODUCTS_DIR)/Appyy.app/Appyy";
			};
			name = Release;
		};
		6145E1C81CEC448800048C76 /* Debug */ = {
			isa = XCBuildConfiguration;
			buildSettings = {
				INFOPLIST_FILE = AppyyUITests/Info.plist;
				LD_RUNPATH_SEARCH_PATHS = "$(inherited) @executable_path/Frameworks @loader_path/Frameworks";
				PRODUCT_BUNDLE_IDENTIFIER = impc.AppyyUITests;
				PRODUCT_NAME = "$(TARGET_NAME)";
				TEST_TARGET_NAME = Appyy;
			};
			name = Debug;
		};
		6145E1C91CEC448800048C76 /* Release */ = {
			isa = XCBuildConfiguration;
			buildSettings = {
				INFOPLIST_FILE = AppyyUITests/Info.plist;
				LD_RUNPATH_SEARCH_PATHS = "$(inherited) @executable_path/Frameworks @loader_path/Frameworks";
				PRODUCT_BUNDLE_IDENTIFIER = impc.AppyyUITests;
				PRODUCT_NAME = "$(TARGET_NAME)";
				TEST_TARGET_NAME = Appyy;
			};
			name = Release;
		};
/* End XCBuildConfiguration section */

/* Begin XCConfigurationList section */
		6145E18C1CEC448800048C76 /* Build configuration list for PBXProject "Appyy" */ = {
			isa = XCConfigurationList;
			buildConfigurations = (
				6145E1BF1CEC448800048C76 /* Debug */,
				6145E1C01CEC448800048C76 /* Release */,
			);
			defaultConfigurationIsVisible = 0;
			defaultConfigurationName = Release;
		};
		6145E1C11CEC448800048C76 /* Build configuration list for PBXNativeTarget "Appyy" */ = {
			isa = XCConfigurationList;
			buildConfigurations = (
				6145E1C21CEC448800048C76 /* Debug */,
				6145E1C31CEC448800048C76 /* Release */,
			);
			defaultConfigurationIsVisible = 0;
		};
		6145E1C41CEC448800048C76 /* Build configuration list for PBXNativeTarget "AppyyTests" */ = {
			isa = XCConfigurationList;
			buildConfigurations = (
				6145E1C51CEC448800048C76 /* Debug */,
				6145E1C61CEC448800048C76 /* Release */,
			);
			defaultConfigurationIsVisible = 0;
		};
		6145E1C71CEC448800048C76 /* Build configuration list for PBXNativeTarget "AppyyUITests" */ = {
			isa = XCConfigurationList;
			buildConfigurations = (
				6145E1C81CEC448800048C76 /* Debug */,
				6145E1C91CEC448800048C76 /* Release */,
			);
			defaultConfigurationIsVisible = 0;
		};
/* End XCConfigurationList section */

/* Begin XCVersionGroup section */
		6145E1A01CEC448800048C76 /* Appyy.xcdatamodeld */ = {
			isa = XCVersionGroup;
			children = (
				6145E1A11CEC448800048C76 /* Appyy.xcdatamodel */,
			);
			currentVersion = 6145E1A11CEC448800048C76 /* Appyy.xcdatamodel */;
			path = Appyy.xcdatamodeld;
			sourceTree = "<group>";
			versionGroupType = wrapper.xcdatamodel;
		};
/* End XCVersionGroup section */
	};
	rootObject = 6145E1891CEC448800048C76 /* Project object */;
}
